// !$*UTF8*$!
{
	archiveVersion = 1;
	classes = {
	};
	objectVersion = 46;
	objects = {

/* Begin PBXBuildFile section */
		332A4F621CEBD4B80094129E /* MemeDetailViewController.swift in Sources */ = {isa = PBXBuildFile; fileRef = 332A4F611CEBD4B80094129E /* MemeDetailViewController.swift */; };
		337451761C9B63B7008FE6F5 /* impact.otf in Resources */ = {isa = PBXBuildFile; fileRef = 337451751C9B63B7008FE6F5 /* impact.otf */; };
		33C046C11CECC99F00CA6A15 /* MemeCollectionViewCell.swift in Sources */ = {isa = PBXBuildFile; fileRef = 33C046C01CECC99F00CA6A15 /* MemeCollectionViewCell.swift */; };
		33C046C41CECE58D00CA6A15 /* MemeTableViewCell.swift in Sources */ = {isa = PBXBuildFile; fileRef = 33C046C31CECE58D00CA6A15 /* MemeTableViewCell.swift */; };
		33D269B01C5F000B00F9F638 /* MemeTextFieldDelegate.swift in Sources */ = {isa = PBXBuildFile; fileRef = 33D269AF1C5F000B00F9F638 /* MemeTextFieldDelegate.swift */; };
		33D269B31C5F368B00F9F638 /* MemeModel.swift in Sources */ = {isa = PBXBuildFile; fileRef = 33D269B21C5F368B00F9F638 /* MemeModel.swift */; };
		33FA908E1CD69E3F0076BD5D /* CreatedMemeTableViewController.swift in Sources */ = {isa = PBXBuildFile; fileRef = 33FA908D1CD69E3F0076BD5D /* CreatedMemeTableViewController.swift */; };
		33FA90901CD69EE40076BD5D /* CreatedMemeCollectionViewController.swift in Sources */ = {isa = PBXBuildFile; fileRef = 33FA908F1CD69EE40076BD5D /* CreatedMemeCollectionViewController.swift */; };
		33FA90921CD6B7C70076BD5D /* CreateMeme.swift in Sources */ = {isa = PBXBuildFile; fileRef = 33FA90911CD6B7C70076BD5D /* CreateMeme.swift */; };
		33FFC33C1C5D35BB00664DDB /* AppDelegate.swift in Sources */ = {isa = PBXBuildFile; fileRef = 33FFC33B1C5D35BB00664DDB /* AppDelegate.swift */; };
		33FFC33E1C5D35BB00664DDB /* MemeEditorViewController.swift in Sources */ = {isa = PBXBuildFile; fileRef = 33FFC33D1C5D35BB00664DDB /* MemeEditorViewController.swift */; };
		33FFC3411C5D35BB00664DDB /* Main.storyboard in Resources */ = {isa = PBXBuildFile; fileRef = 33FFC33F1C5D35BB00664DDB /* Main.storyboard */; };
		33FFC3431C5D35BB00664DDB /* Assets.xcassets in Resources */ = {isa = PBXBuildFile; fileRef = 33FFC3421C5D35BB00664DDB /* Assets.xcassets */; };
		33FFC3461C5D35BB00664DDB /* LaunchScreen.storyboard in Resources */ = {isa = PBXBuildFile; fileRef = 33FFC3441C5D35BB00664DDB /* LaunchScreen.storyboard */; };
		33FFC3511C5D35BB00664DDB /* MememamiaTests.swift in Sources */ = {isa = PBXBuildFile; fileRef = 33FFC3501C5D35BB00664DDB /* MememamiaTests.swift */; };
		33FFC35C1C5D35BB00664DDB /* MememamiaUITests.swift in Sources */ = {isa = PBXBuildFile; fileRef = 33FFC35B1C5D35BB00664DDB /* MememamiaUITests.swift */; };
		3D148766A096AE06962A8348 /* Pods_mememamia.framework in Frameworks */ = {isa = PBXBuildFile; fileRef = 381C27BE50431C1185009A8D /* Pods_mememamia.framework */; };
/* End PBXBuildFile section */

/* Begin PBXContainerItemProxy section */
		33FFC34D1C5D35BB00664DDB /* PBXContainerItemProxy */ = {
			isa = PBXContainerItemProxy;
			containerPortal = 33FFC3301C5D35BB00664DDB /* Project object */;
			proxyType = 1;
			remoteGlobalIDString = 33FFC3371C5D35BB00664DDB;
			remoteInfo = mememamia;
		};
		33FFC3581C5D35BB00664DDB /* PBXContainerItemProxy */ = {
			isa = PBXContainerItemProxy;
			containerPortal = 33FFC3301C5D35BB00664DDB /* Project object */;
			proxyType = 1;
			remoteGlobalIDString = 33FFC3371C5D35BB00664DDB;
			remoteInfo = mememamia;
		};
/* End PBXContainerItemProxy section */

/* Begin PBXFileReference section */
		332A4F611CEBD4B80094129E /* MemeDetailViewController.swift */ = {isa = PBXFileReference; fileEncoding = 4; lastKnownFileType = sourcecode.swift; name = MemeDetailViewController.swift; path = ../Mememamia/MemeDetailViewController.swift; sourceTree = "<group>"; };
		337451751C9B63B7008FE6F5 /* impact.otf */ = {isa = PBXFileReference; lastKnownFileType = file; path = impact.otf; sourceTree = "<group>"; };
		33C046C01CECC99F00CA6A15 /* MemeCollectionViewCell.swift */ = {isa = PBXFileReference; fileEncoding = 4; lastKnownFileType = sourcecode.swift; name = MemeCollectionViewCell.swift; path = ../Mememamia/MemeCollectionViewCell.swift; sourceTree = "<group>"; };
		33C046C31CECE58D00CA6A15 /* MemeTableViewCell.swift */ = {isa = PBXFileReference; fileEncoding = 4; lastKnownFileType = sourcecode.swift; name = MemeTableViewCell.swift; path = ../Mememamia/MemeTableViewCell.swift; sourceTree = "<group>"; };
		33D269AF1C5F000B00F9F638 /* MemeTextFieldDelegate.swift */ = {isa = PBXFileReference; fileEncoding = 4; lastKnownFileType = sourcecode.swift; path = MemeTextFieldDelegate.swift; sourceTree = "<group>"; };
		33D269B21C5F368B00F9F638 /* MemeModel.swift */ = {isa = PBXFileReference; fileEncoding = 4; lastKnownFileType = sourcecode.swift; path = MemeModel.swift; sourceTree = "<group>"; };
		33FA908D1CD69E3F0076BD5D /* CreatedMemeTableViewController.swift */ = {isa = PBXFileReference; fileEncoding = 4; lastKnownFileType = sourcecode.swift; name = CreatedMemeTableViewController.swift; path = ../Mememamia/CreatedMemeTableViewController.swift; sourceTree = "<group>"; };
		33FA908F1CD69EE40076BD5D /* CreatedMemeCollectionViewController.swift */ = {isa = PBXFileReference; fileEncoding = 4; lastKnownFileType = sourcecode.swift; name = CreatedMemeCollectionViewController.swift; path = ../Mememamia/CreatedMemeCollectionViewController.swift; sourceTree = "<group>"; };
		33FA90911CD6B7C70076BD5D /* CreateMeme.swift */ = {isa = PBXFileReference; fileEncoding = 4; lastKnownFileType = sourcecode.swift; path = CreateMeme.swift; sourceTree = "<group>"; };
		33FFC3381C5D35BB00664DDB /* Mememamia.app */ = {isa = PBXFileReference; explicitFileType = wrapper.application; includeInIndex = 0; path = Mememamia.app; sourceTree = BUILT_PRODUCTS_DIR; };
		33FFC33B1C5D35BB00664DDB /* AppDelegate.swift */ = {isa = PBXFileReference; lastKnownFileType = sourcecode.swift; path = AppDelegate.swift; sourceTree = "<group>"; };
		33FFC33D1C5D35BB00664DDB /* MemeEditorViewController.swift */ = {isa = PBXFileReference; lastKnownFileType = sourcecode.swift; path = MemeEditorViewController.swift; sourceTree = "<group>"; };
		33FFC3401C5D35BB00664DDB /* Base */ = {isa = PBXFileReference; lastKnownFileType = file.storyboard; name = Base; path = Base.lproj/Main.storyboard; sourceTree = "<group>"; };
		33FFC3421C5D35BB00664DDB /* Assets.xcassets */ = {isa = PBXFileReference; lastKnownFileType = folder.assetcatalog; path = Assets.xcassets; sourceTree = "<group>"; };
		33FFC3451C5D35BB00664DDB /* Base */ = {isa = PBXFileReference; lastKnownFileType = file.storyboard; name = Base; path = Base.lproj/LaunchScreen.storyboard; sourceTree = "<group>"; };
		33FFC3471C5D35BB00664DDB /* Info.plist */ = {isa = PBXFileReference; lastKnownFileType = text.plist.xml; path = Info.plist; sourceTree = "<group>"; };
		33FFC34C1C5D35BB00664DDB /* Mememamia.temp_caseinsensitive_rename.temp_caseinsensitive_rename.xctest */ = {isa = PBXFileReference; explicitFileType = wrapper.cfbundle; includeInIndex = 0; path = Mememamia.temp_caseinsensitive_rename.temp_caseinsensitive_rename.xctest; sourceTree = BUILT_PRODUCTS_DIR; };
		33FFC3501C5D35BB00664DDB /* MememamiaTests.swift */ = {isa = PBXFileReference; lastKnownFileType = sourcecode.swift; path = MememamiaTests.swift; sourceTree = "<group>"; };
		33FFC3521C5D35BB00664DDB /* Info.plist */ = {isa = PBXFileReference; lastKnownFileType = text.plist.xml; path = Info.plist; sourceTree = "<group>"; };
		33FFC3571C5D35BB00664DDB /* Mememamia.temp_caseinsensitive_rename.temp_caseinsensitive_rename.xctest */ = {isa = PBXFileReference; explicitFileType = wrapper.cfbundle; includeInIndex = 0; path = Mememamia.temp_caseinsensitive_rename.temp_caseinsensitive_rename.xctest; sourceTree = BUILT_PRODUCTS_DIR; };
		33FFC35B1C5D35BB00664DDB /* MememamiaUITests.swift */ = {isa = PBXFileReference; lastKnownFileType = sourcecode.swift; path = MememamiaUITests.swift; sourceTree = "<group>"; };
		33FFC35D1C5D35BB00664DDB /* Info.plist */ = {isa = PBXFileReference; lastKnownFileType = text.plist.xml; path = Info.plist; sourceTree = "<group>"; };
		381C27BE50431C1185009A8D /* Pods_mememamia.framework */ = {isa = PBXFileReference; explicitFileType = wrapper.framework; includeInIndex = 0; path = Pods_mememamia.framework; sourceTree = BUILT_PRODUCTS_DIR; };
		45CD3674E1BB72155D64CA6B /* Pods-mememamia.debug.xcconfig */ = {isa = PBXFileReference; includeInIndex = 1; lastKnownFileType = text.xcconfig; name = "Pods-mememamia.debug.xcconfig"; path = "Pods/Target Support Files/Pods-mememamia/Pods-mememamia.debug.xcconfig"; sourceTree = "<group>"; };
		AFC642A1766E993DA12E2865 /* Pods-mememamia.release.xcconfig */ = {isa = PBXFileReference; includeInIndex = 1; lastKnownFileType = text.xcconfig; name = "Pods-mememamia.release.xcconfig"; path = "Pods/Target Support Files/Pods-mememamia/Pods-mememamia.release.xcconfig"; sourceTree = "<group>"; };
/* End PBXFileReference section */

/* Begin PBXFrameworksBuildPhase section */
		33FFC3351C5D35BB00664DDB /* Frameworks */ = {
			isa = PBXFrameworksBuildPhase;
			buildActionMask = 2147483647;
			files = (
				3D148766A096AE06962A8348 /* Pods_mememamia.framework in Frameworks */,
			);
			runOnlyForDeploymentPostprocessing = 0;
		};
		33FFC3491C5D35BB00664DDB /* Frameworks */ = {
			isa = PBXFrameworksBuildPhase;
			buildActionMask = 2147483647;
			files = (
			);
			runOnlyForDeploymentPostprocessing = 0;
		};
		33FFC3541C5D35BB00664DDB /* Frameworks */ = {
			isa = PBXFrameworksBuildPhase;
			buildActionMask = 2147483647;
			files = (
			);
			runOnlyForDeploymentPostprocessing = 0;
		};
/* End PBXFrameworksBuildPhase section */

/* Begin PBXGroup section */
		181DABA106F3FED30D0118FE /* Pods */ = {
			isa = PBXGroup;
			children = (
				45CD3674E1BB72155D64CA6B /* Pods-mememamia.debug.xcconfig */,
				AFC642A1766E993DA12E2865 /* Pods-mememamia.release.xcconfig */,
			);
			name = Pods;
			sourceTree = "<group>";
		};
		33C046C21CECD42500CA6A15 /* Protocols */ = {
			isa = PBXGroup;
			children = (
				33FA90911CD6B7C70076BD5D /* CreateMeme.swift */,
			);
			name = Protocols;
			sourceTree = "<group>";
		};
		33D269AE1C5EFFC800F9F638 /* Delegates */ = {
			isa = PBXGroup;
			children = (
				33D269AF1C5F000B00F9F638 /* MemeTextFieldDelegate.swift */,
			);
			name = Delegates;
			sourceTree = "<group>";
		};
		33D269B11C5F366E00F9F638 /* Models */ = {
			isa = PBXGroup;
			children = (
				33D269B21C5F368B00F9F638 /* MemeModel.swift */,
			);
			name = Models;
			sourceTree = "<group>";
		};
		33F0F5311C9B19FF00E02ABF /* Resources */ = {
			isa = PBXGroup;
			children = (
				337451751C9B63B7008FE6F5 /* impact.otf */,
			);
			name = Resources;
			sourceTree = "<group>";
		};
		33FA908A1CD69B650076BD5D /* ViewControllers */ = {
			isa = PBXGroup;
			children = (
				33FFC33D1C5D35BB00664DDB /* MemeEditorViewController.swift */,
				33FA908D1CD69E3F0076BD5D /* CreatedMemeTableViewController.swift */,
				33FA908F1CD69EE40076BD5D /* CreatedMemeCollectionViewController.swift */,
				332A4F611CEBD4B80094129E /* MemeDetailViewController.swift */,
				33C046C01CECC99F00CA6A15 /* MemeCollectionViewCell.swift */,
				33C046C31CECE58D00CA6A15 /* MemeTableViewCell.swift */,
			);
			name = ViewControllers;
			sourceTree = "<group>";
		};
		33FFC32F1C5D35BB00664DDB = {
			isa = PBXGroup;
			children = (
				33F0F5311C9B19FF00E02ABF /* Resources */,
				33FFC33A1C5D35BB00664DDB /* Mememamia */,
				33FFC34F1C5D35BB00664DDB /* MememamiaTests */,
				33FFC35A1C5D35BB00664DDB /* MememamiaUITests */,
				33FFC3391C5D35BB00664DDB /* Products */,
				181DABA106F3FED30D0118FE /* Pods */,
				C6B6549001852F352EE56800 /* Frameworks */,
			);
			sourceTree = "<group>";
		};
		33FFC3391C5D35BB00664DDB /* Products */ = {
			isa = PBXGroup;
			children = (
				33FFC3381C5D35BB00664DDB /* Mememamia.app */,
				33FFC34C1C5D35BB00664DDB /* Mememamia.temp_caseinsensitive_rename.temp_caseinsensitive_rename.xctest */,
				33FFC3571C5D35BB00664DDB /* Mememamia.temp_caseinsensitive_rename.temp_caseinsensitive_rename.xctest */,
			);
			name = Products;
			sourceTree = "<group>";
		};
		33FFC33A1C5D35BB00664DDB /* Mememamia */ = {
			isa = PBXGroup;
			children = (
				33C046C21CECD42500CA6A15 /* Protocols */,
				33FA908A1CD69B650076BD5D /* ViewControllers */,
				33D269B11C5F366E00F9F638 /* Models */,
				33D269AE1C5EFFC800F9F638 /* Delegates */,
				33FFC33B1C5D35BB00664DDB /* AppDelegate.swift */,
				33FFC33F1C5D35BB00664DDB /* Main.storyboard */,
				33FFC3421C5D35BB00664DDB /* Assets.xcassets */,
				33FFC3441C5D35BB00664DDB /* LaunchScreen.storyboard */,
				33FFC3471C5D35BB00664DDB /* Info.plist */,
			);
			name = Mememamia;
			path = mememamia;
			sourceTree = "<group>";
		};
		33FFC34F1C5D35BB00664DDB /* MememamiaTests */ = {
			isa = PBXGroup;
			children = (
				33FFC3501C5D35BB00664DDB /* MememamiaTests.swift */,
				33FFC3521C5D35BB00664DDB /* Info.plist */,
			);
			name = MememamiaTests;
			path = mememamiaTests;
			sourceTree = "<group>";
		};
		33FFC35A1C5D35BB00664DDB /* MememamiaUITests */ = {
			isa = PBXGroup;
			children = (
				33FFC35B1C5D35BB00664DDB /* MememamiaUITests.swift */,
				33FFC35D1C5D35BB00664DDB /* Info.plist */,
			);
			name = MememamiaUITests;
			path = mememamiaUITests;
			sourceTree = "<group>";
		};
		C6B6549001852F352EE56800 /* Frameworks */ = {
			isa = PBXGroup;
			children = (
				381C27BE50431C1185009A8D /* Pods_mememamia.framework */,
			);
			name = Frameworks;
			sourceTree = "<group>";
		};
/* End PBXGroup section */

/* Begin PBXNativeTarget section */
		33FFC3371C5D35BB00664DDB /* mememamia */ = {
			isa = PBXNativeTarget;
			buildConfigurationList = 33FFC3601C5D35BB00664DDB /* Build configuration list for PBXNativeTarget "mememamia" */;
			buildPhases = (
				9D68A6A271D794713E96DBCC /* 📦 Check Pods Manifest.lock */,
				33FFC3341C5D35BB00664DDB /* Sources */,
				33FFC3351C5D35BB00664DDB /* Frameworks */,
				33FFC3361C5D35BB00664DDB /* Resources */,
				0D427980393B3F9E02A9DA82 /* 📦 Embed Pods Frameworks */,
				8EFCB5F63A533890BC219A11 /* 📦 Copy Pods Resources */,
				D4F5C13D35739B0DB2CBB51E /* Embed Pods Frameworks */,
			);
			buildRules = (
			);
			dependencies = (
			);
			name = mememamia;
			productName = mememamia;
			productReference = 33FFC3381C5D35BB00664DDB /* Mememamia.app */;
			productType = "com.apple.product-type.application";
		};
		33FFC34B1C5D35BB00664DDB /* mememamiaTests */ = {
			isa = PBXNativeTarget;
			buildConfigurationList = 33FFC3631C5D35BB00664DDB /* Build configuration list for PBXNativeTarget "mememamiaTests" */;
			buildPhases = (
				33FFC3481C5D35BB00664DDB /* Sources */,
				33FFC3491C5D35BB00664DDB /* Frameworks */,
				33FFC34A1C5D35BB00664DDB /* Resources */,
			);
			buildRules = (
			);
			dependencies = (
				33FFC34E1C5D35BB00664DDB /* PBXTargetDependency */,
			);
			name = mememamiaTests;
			productName = mememamiaTests;
			productReference = 33FFC34C1C5D35BB00664DDB /* Mememamia.temp_caseinsensitive_rename.temp_caseinsensitive_rename.xctest */;
			productType = "com.apple.product-type.bundle.unit-test";
		};
		33FFC3561C5D35BB00664DDB /* mememamiaUITests */ = {
			isa = PBXNativeTarget;
			buildConfigurationList = 33FFC3661C5D35BB00664DDB /* Build configuration list for PBXNativeTarget "mememamiaUITests" */;
			buildPhases = (
				33FFC3531C5D35BB00664DDB /* Sources */,
				33FFC3541C5D35BB00664DDB /* Frameworks */,
				33FFC3551C5D35BB00664DDB /* Resources */,
			);
			buildRules = (
			);
			dependencies = (
				33FFC3591C5D35BB00664DDB /* PBXTargetDependency */,
			);
			name = mememamiaUITests;
			productName = mememamiaUITests;
			productReference = 33FFC3571C5D35BB00664DDB /* Mememamia.temp_caseinsensitive_rename.temp_caseinsensitive_rename.xctest */;
			productType = "com.apple.product-type.bundle.ui-testing";
		};
/* End PBXNativeTarget section */

/* Begin PBXProject section */
		33FFC3301C5D35BB00664DDB /* Project object */ = {
			isa = PBXProject;
			attributes = {
				LastSwiftUpdateCheck = 0720;
				LastUpgradeCheck = 0720;
				ORGANIZATIONNAME = "Timur Ridjanovic";
				TargetAttributes = {
					33FFC3371C5D35BB00664DDB = {
						CreatedOnToolsVersion = 7.2;
						DevelopmentTeam = KD28X87X2D;
					};
					33FFC34B1C5D35BB00664DDB = {
						CreatedOnToolsVersion = 7.2;
						TestTargetID = 33FFC3371C5D35BB00664DDB;
					};
					33FFC3561C5D35BB00664DDB = {
						CreatedOnToolsVersion = 7.2;
						TestTargetID = 33FFC3371C5D35BB00664DDB;
					};
				};
			};
			buildConfigurationList = 33FFC3331C5D35BB00664DDB /* Build configuration list for PBXProject "Mememamia" */;
			compatibilityVersion = "Xcode 3.2";
			developmentRegion = English;
			hasScannedForEncodings = 0;
			knownRegions = (
				en,
				Base,
			);
			mainGroup = 33FFC32F1C5D35BB00664DDB;
			productRefGroup = 33FFC3391C5D35BB00664DDB /* Products */;
			projectDirPath = "";
			projectRoot = "";
			targets = (
				33FFC3371C5D35BB00664DDB /* mememamia */,
				33FFC34B1C5D35BB00664DDB /* mememamiaTests */,
				33FFC3561C5D35BB00664DDB /* mememamiaUITests */,
			);
		};
/* End PBXProject section */

/* Begin PBXResourcesBuildPhase section */
		33FFC3361C5D35BB00664DDB /* Resources */ = {
			isa = PBXResourcesBuildPhase;
			buildActionMask = 2147483647;
			files = (
				337451761C9B63B7008FE6F5 /* impact.otf in Resources */,
				33FFC3461C5D35BB00664DDB /* LaunchScreen.storyboard in Resources */,
				33FFC3431C5D35BB00664DDB /* Assets.xcassets in Resources */,
				33FFC3411C5D35BB00664DDB /* Main.storyboard in Resources */,
			);
			runOnlyForDeploymentPostprocessing = 0;
		};
		33FFC34A1C5D35BB00664DDB /* Resources */ = {
			isa = PBXResourcesBuildPhase;
			buildActionMask = 2147483647;
			files = (
			);
			runOnlyForDeploymentPostprocessing = 0;
		};
		33FFC3551C5D35BB00664DDB /* Resources */ = {
			isa = PBXResourcesBuildPhase;
			buildActionMask = 2147483647;
			files = (
			);
			runOnlyForDeploymentPostprocessing = 0;
		};
/* End PBXResourcesBuildPhase section */

/* Begin PBXShellScriptBuildPhase section */
		0D427980393B3F9E02A9DA82 /* 📦 Embed Pods Frameworks */ = {
			isa = PBXShellScriptBuildPhase;
			buildActionMask = 2147483647;
			files = (
			);
			inputPaths = (
			);
			name = "📦 Embed Pods Frameworks";
			outputPaths = (
			);
			runOnlyForDeploymentPostprocessing = 0;
			shellPath = /bin/sh;
			shellScript = "\"${SRCROOT}/Pods/Target Support Files/Pods-mememamia/Pods-mememamia-frameworks.sh\"\n";
			showEnvVarsInLog = 0;
		};
		8EFCB5F63A533890BC219A11 /* 📦 Copy Pods Resources */ = {
			isa = PBXShellScriptBuildPhase;
			buildActionMask = 2147483647;
			files = (
			);
			inputPaths = (
			);
			name = "📦 Copy Pods Resources";
			outputPaths = (
			);
			runOnlyForDeploymentPostprocessing = 0;
			shellPath = /bin/sh;
			shellScript = "\"${SRCROOT}/Pods/Target Support Files/Pods-mememamia/Pods-mememamia-resources.sh\"\n";
			showEnvVarsInLog = 0;
		};
		9D68A6A271D794713E96DBCC /* 📦 Check Pods Manifest.lock */ = {
			isa = PBXShellScriptBuildPhase;
			buildActionMask = 2147483647;
			files = (
			);
			inputPaths = (
			);
			name = "📦 Check Pods Manifest.lock";
			outputPaths = (
			);
			runOnlyForDeploymentPostprocessing = 0;
			shellPath = /bin/sh;
			shellScript = "diff \"${PODS_ROOT}/../Podfile.lock\" \"${PODS_ROOT}/Manifest.lock\" > /dev/null\nif [[ $? != 0 ]] ; then\n    cat << EOM\nerror: The sandbox is not in sync with the Podfile.lock. Run 'pod install' or update your CocoaPods installation.\nEOM\n    exit 1\nfi\n";
			showEnvVarsInLog = 0;
		};
		D4F5C13D35739B0DB2CBB51E /* Embed Pods Frameworks */ = {
			isa = PBXShellScriptBuildPhase;
			buildActionMask = 2147483647;
			files = (
			);
			inputPaths = (
			);
			name = "Embed Pods Frameworks";
			outputPaths = (
			);
			runOnlyForDeploymentPostprocessing = 0;
			shellPath = /bin/sh;
			shellScript = "\"${SRCROOT}/Pods/Target Support Files/Pods-mememamia/Pods-mememamia-frameworks.sh\"\n";
			showEnvVarsInLog = 0;
		};
/* End PBXShellScriptBuildPhase section */

/* Begin PBXSourcesBuildPhase section */
		33FFC3341C5D35BB00664DDB /* Sources */ = {
			isa = PBXSourcesBuildPhase;
			buildActionMask = 2147483647;
			files = (
				33FFC33E1C5D35BB00664DDB /* MemeEditorViewController.swift in Sources */,
				33D269B01C5F000B00F9F638 /* MemeTextFieldDelegate.swift in Sources */,
				33FA908E1CD69E3F0076BD5D /* CreatedMemeTableViewController.swift in Sources */,
				33C046C11CECC99F00CA6A15 /* MemeCollectionViewCell.swift in Sources */,
				33FA90901CD69EE40076BD5D /* CreatedMemeCollectionViewController.swift in Sources */,
				33FA90921CD6B7C70076BD5D /* CreateMeme.swift in Sources */,
				33FFC33C1C5D35BB00664DDB /* AppDelegate.swift in Sources */,
				33C046C41CECE58D00CA6A15 /* MemeTableViewCell.swift in Sources */,
				33D269B31C5F368B00F9F638 /* MemeModel.swift in Sources */,
				332A4F621CEBD4B80094129E /* MemeDetailViewController.swift in Sources */,
			);
			runOnlyForDeploymentPostprocessing = 0;
		};
		33FFC3481C5D35BB00664DDB /* Sources */ = {
			isa = PBXSourcesBuildPhase;
			buildActionMask = 2147483647;
			files = (
				33FFC3511C5D35BB00664DDB /* MememamiaTests.swift in Sources */,
			);
			runOnlyForDeploymentPostprocessing = 0;
		};
		33FFC3531C5D35BB00664DDB /* Sources */ = {
			isa = PBXSourcesBuildPhase;
			buildActionMask = 2147483647;
			files = (
				33FFC35C1C5D35BB00664DDB /* MememamiaUITests.swift in Sources */,
			);
			runOnlyForDeploymentPostprocessing = 0;
		};
/* End PBXSourcesBuildPhase section */

/* Begin PBXTargetDependency section */
		33FFC34E1C5D35BB00664DDB /* PBXTargetDependency */ = {
			isa = PBXTargetDependency;
			target = 33FFC3371C5D35BB00664DDB /* mememamia */;
			targetProxy = 33FFC34D1C5D35BB00664DDB /* PBXContainerItemProxy */;
		};
		33FFC3591C5D35BB00664DDB /* PBXTargetDependency */ = {
			isa = PBXTargetDependency;
			target = 33FFC3371C5D35BB00664DDB /* mememamia */;
			targetProxy = 33FFC3581C5D35BB00664DDB /* PBXContainerItemProxy */;
		};
/* End PBXTargetDependency section */

/* Begin PBXVariantGroup section */
		33FFC33F1C5D35BB00664DDB /* Main.storyboard */ = {
			isa = PBXVariantGroup;
			children = (
				33FFC3401C5D35BB00664DDB /* Base */,
			);
			name = Main.storyboard;
			sourceTree = "<group>";
		};
		33FFC3441C5D35BB00664DDB /* LaunchScreen.storyboard */ = {
			isa = PBXVariantGroup;
			children = (
				33FFC3451C5D35BB00664DDB /* Base */,
			);
			name = LaunchScreen.storyboard;
			sourceTree = "<group>";
		};
/* End PBXVariantGroup section */

/* Begin XCBuildConfiguration section */
		33FFC35E1C5D35BB00664DDB /* Debug */ = {
			isa = XCBuildConfiguration;
			buildSettings = {
				ALWAYS_SEARCH_USER_PATHS = NO;
				CLANG_CXX_LANGUAGE_STANDARD = "gnu++0x";
				CLANG_CXX_LIBRARY = "libc++";
				CLANG_ENABLE_MODULES = YES;
				CLANG_ENABLE_OBJC_ARC = YES;
				CLANG_WARN_BOOL_CONVERSION = YES;
				CLANG_WARN_CONSTANT_CONVERSION = YES;
				CLANG_WARN_DIRECT_OBJC_ISA_USAGE = YES_ERROR;
				CLANG_WARN_EMPTY_BODY = YES;
				CLANG_WARN_ENUM_CONVERSION = YES;
				CLANG_WARN_INT_CONVERSION = YES;
				CLANG_WARN_OBJC_ROOT_CLASS = YES_ERROR;
				CLANG_WARN_UNREACHABLE_CODE = YES;
				CLANG_WARN__DUPLICATE_METHOD_MATCH = YES;
				"CODE_SIGN_IDENTITY[sdk=iphoneos*]" = "iPhone Developer";
				COPY_PHASE_STRIP = NO;
				DEBUG_INFORMATION_FORMAT = dwarf;
				ENABLE_STRICT_OBJC_MSGSEND = YES;
				ENABLE_TESTABILITY = YES;
				GCC_C_LANGUAGE_STANDARD = gnu99;
				GCC_DYNAMIC_NO_PIC = NO;
				GCC_NO_COMMON_BLOCKS = YES;
				GCC_OPTIMIZATION_LEVEL = 0;
				GCC_PREPROCESSOR_DEFINITIONS = (
					"DEBUG=1",
					"$(inherited)",
				);
				GCC_WARN_64_TO_32_BIT_CONVERSION = YES;
				GCC_WARN_ABOUT_RETURN_TYPE = YES_ERROR;
				GCC_WARN_UNDECLARED_SELECTOR = YES;
				GCC_WARN_UNINITIALIZED_AUTOS = YES_AGGRESSIVE;
				GCC_WARN_UNUSED_FUNCTION = YES;
				GCC_WARN_UNUSED_VARIABLE = YES;
				IPHONEOS_DEPLOYMENT_TARGET = 9.2;
				MTL_ENABLE_DEBUG_INFO = YES;
				ONLY_ACTIVE_ARCH = YES;
				SDKROOT = iphoneos;
				SWIFT_OPTIMIZATION_LEVEL = "-Onone";
			};
			name = Debug;
		};
		33FFC35F1C5D35BB00664DDB /* Release */ = {
			isa = XCBuildConfiguration;
			buildSettings = {
				ALWAYS_SEARCH_USER_PATHS = NO;
				CLANG_CXX_LANGUAGE_STANDARD = "gnu++0x";
				CLANG_CXX_LIBRARY = "libc++";
				CLANG_ENABLE_MODULES = YES;
				CLANG_ENABLE_OBJC_ARC = YES;
				CLANG_WARN_BOOL_CONVERSION = YES;
				CLANG_WARN_CONSTANT_CONVERSION = YES;
				CLANG_WARN_DIRECT_OBJC_ISA_USAGE = YES_ERROR;
				CLANG_WARN_EMPTY_BODY = YES;
				CLANG_WARN_ENUM_CONVERSION = YES;
				CLANG_WARN_INT_CONVERSION = YES;
				CLANG_WARN_OBJC_ROOT_CLASS = YES_ERROR;
				CLANG_WARN_UNREACHABLE_CODE = YES;
				CLANG_WARN__DUPLICATE_METHOD_MATCH = YES;
				"CODE_SIGN_IDENTITY[sdk=iphoneos*]" = "iPhone Developer";
				COPY_PHASE_STRIP = NO;
				DEBUG_INFORMATION_FORMAT = "dwarf-with-dsym";
				ENABLE_NS_ASSERTIONS = NO;
				ENABLE_STRICT_OBJC_MSGSEND = YES;
				GCC_C_LANGUAGE_STANDARD = gnu99;
				GCC_NO_COMMON_BLOCKS = YES;
				GCC_WARN_64_TO_32_BIT_CONVERSION = YES;
				GCC_WARN_ABOUT_RETURN_TYPE = YES_ERROR;
				GCC_WARN_UNDECLARED_SELECTOR = YES;
				GCC_WARN_UNINITIALIZED_AUTOS = YES_AGGRESSIVE;
				GCC_WARN_UNUSED_FUNCTION = YES;
				GCC_WARN_UNUSED_VARIABLE = YES;
				IPHONEOS_DEPLOYMENT_TARGET = 9.2;
				MTL_ENABLE_DEBUG_INFO = NO;
				SDKROOT = iphoneos;
				VALIDATE_PRODUCT = YES;
			};
			name = Release;
		};
		33FFC3611C5D35BB00664DDB /* Debug */ = {
			isa = XCBuildConfiguration;
			baseConfigurationReference = 45CD3674E1BB72155D64CA6B /* Pods-mememamia.debug.xcconfig */;
			buildSettings = {
				ASSETCATALOG_COMPILER_APPICON_NAME = AppIcon;
				CODE_SIGN_IDENTITY = "iPhone Developer";
				GCC_OPTIMIZATION_LEVEL = 0;
				INFOPLIST_FILE = mememamia/Info.plist;
				IPHONEOS_DEPLOYMENT_TARGET = 9.1;
				LD_RUNPATH_SEARCH_PATHS = "$(inherited) @executable_path/Frameworks";
				PRODUCT_BUNDLE_IDENTIFIER = com.timur.udacity.mememamia;
				PRODUCT_NAME = Mememamia;
			};
			name = Debug;
		};
		33FFC3621C5D35BB00664DDB /* Release */ = {
			isa = XCBuildConfiguration;
			baseConfigurationReference = AFC642A1766E993DA12E2865 /* Pods-mememamia.release.xcconfig */;
			buildSettings = {
				ASSETCATALOG_COMPILER_APPICON_NAME = AppIcon;
				CODE_SIGN_IDENTITY = "iPhone Developer";
				GCC_OPTIMIZATION_LEVEL = 0;
				INFOPLIST_FILE = mememamia/Info.plist;
				IPHONEOS_DEPLOYMENT_TARGET = 9.1;
				LD_RUNPATH_SEARCH_PATHS = "$(inherited) @executable_path/Frameworks";
				PRODUCT_BUNDLE_IDENTIFIER = com.timur.udacity.mememamia;
				PRODUCT_NAME = Mememamia;
				SWIFT_OPTIMIZATION_LEVEL = "-Onone";
			};
			name = Release;
		};
		33FFC3641C5D35BB00664DDB /* Debug */ = {
			isa = XCBuildConfiguration;
			buildSettings = {
				BUNDLE_LOADER = "$(TEST_HOST)";
				INFOPLIST_FILE = mememamiaTests/Info.plist;
				LD_RUNPATH_SEARCH_PATHS = "$(inherited) @executable_path/Frameworks @loader_path/Frameworks";
				PRODUCT_BUNDLE_IDENTIFIER = com.timur.udacity.mememamiaTests;
				PRODUCT_NAME = Mememamia.temp_caseinsensitive_rename.temp_caseinsensitive_rename;
				TEST_HOST = "$(BUILT_PRODUCTS_DIR)/Mememamia.temp_caseinsensitive_rename.temp_caseinsensitive_rename.temp_caseinsensitive_rename.app/Mememamia.temp_caseinsensitive_rename.temp_caseinsensitive_rename.temp_caseinsensitive_rename";
			};
			name = Debug;
		};
		33FFC3651C5D35BB00664DDB /* Release */ = {
			isa = XCBuildConfiguration;
			buildSettings = {
				BUNDLE_LOADER = "$(TEST_HOST)";
				INFOPLIST_FILE = mememamiaTests/Info.plist;
				LD_RUNPATH_SEARCH_PATHS = "$(inherited) @executable_path/Frameworks @loader_path/Frameworks";
				PRODUCT_BUNDLE_IDENTIFIER = com.timur.udacity.mememamiaTests;
				PRODUCT_NAME = Mememamia.temp_caseinsensitive_rename.temp_caseinsensitive_rename;
				TEST_HOST = "$(BUILT_PRODUCTS_DIR)/Mememamia.temp_caseinsensitive_rename.temp_caseinsensitive_rename.temp_caseinsensitive_rename.app/Mememamia.temp_caseinsensitive_rename.temp_caseinsensitive_rename.temp_caseinsensitive_rename";
			};
			name = Release;
		};
		33FFC3671C5D35BB00664DDB /* Debug */ = {
			isa = XCBuildConfiguration;
			buildSettings = {
				INFOPLIST_FILE = mememamiaUITests/Info.plist;
				LD_RUNPATH_SEARCH_PATHS = "$(inherited) @executable_path/Frameworks @loader_path/Frameworks";
				PRODUCT_BUNDLE_IDENTIFIER = com.timur.udacity.mememamiaUITests;
				PRODUCT_NAME = Mememamia.temp_caseinsensitive_rename.temp_caseinsensitive_rename;
				TEST_TARGET_NAME = mememamia;
				USES_XCTRUNNER = YES;
			};
			name = Debug;
		};
		33FFC3681C5D35BB00664DDB /* Release */ = {
			isa = XCBuildConfiguration;
			buildSettings = {
				INFOPLIST_FILE = mememamiaUITests/Info.plist;
				LD_RUNPATH_SEARCH_PATHS = "$(inherited) @executable_path/Frameworks @loader_path/Frameworks";
				PRODUCT_BUNDLE_IDENTIFIER = com.timur.udacity.mememamiaUITests;
				PRODUCT_NAME = Mememamia.temp_caseinsensitive_rename.temp_caseinsensitive_rename;
				TEST_TARGET_NAME = mememamia;
				USES_XCTRUNNER = YES;
			};
			name = Release;
		};
/* End XCBuildConfiguration section */

/* Begin XCConfigurationList section */
		33FFC3331C5D35BB00664DDB /* Build configuration list for PBXProject "Mememamia" */ = {
			isa = XCConfigurationList;
			buildConfigurations = (
				33FFC35E1C5D35BB00664DDB /* Debug */,
				33FFC35F1C5D35BB00664DDB /* Release */,
			);
			defaultConfigurationIsVisible = 0;
			defaultConfigurationName = Release;
		};
		33FFC3601C5D35BB00664DDB /* Build configuration list for PBXNativeTarget "mememamia" */ = {
			isa = XCConfigurationList;
			buildConfigurations = (
				33FFC3611C5D35BB00664DDB /* Debug */,
				33FFC3621C5D35BB00664DDB /* Release */,
			);
			defaultConfigurationIsVisible = 0;
			defaultConfigurationName = Release;
		};
		33FFC3631C5D35BB00664DDB /* Build configuration list for PBXNativeTarget "mememamiaTests" */ = {
			isa = XCConfigurationList;
			buildConfigurations = (
				33FFC3641C5D35BB00664DDB /* Debug */,
				33FFC3651C5D35BB00664DDB /* Release */,
			);
			defaultConfigurationIsVisible = 0;
			defaultConfigurationName = Release;
		};
		33FFC3661C5D35BB00664DDB /* Build configuration list for PBXNativeTarget "mememamiaUITests" */ = {
			isa = XCConfigurationList;
			buildConfigurations = (
				33FFC3671C5D35BB00664DDB /* Debug */,
				33FFC3681C5D35BB00664DDB /* Release */,
			);
			defaultConfigurationIsVisible = 0;
			defaultConfigurationName = Release;
		};
/* End XCConfigurationList section */
	};
	rootObject = 33FFC3301C5D35BB00664DDB /* Project object */;
}
